// !$*UTF8*$!
{
	archiveVersion = 1;
	classes = {
	};
	objectVersion = 50;
	objects = {

/* Begin PBXBuildFile section */
		0E712AA4245E3B9C003963C7 /* AppDelegate.swift in Sources */ = {isa = PBXBuildFile; fileRef = 0E712AA3245E3B9C003963C7 /* AppDelegate.swift */; };
		0E712AA6245E3B9C003963C7 /* ViewController.swift in Sources */ = {isa = PBXBuildFile; fileRef = 0E712AA5245E3B9C003963C7 /* ViewController.swift */; };
		0E712AA9245E3B9C003963C7 /* Main.storyboard in Resources */ = {isa = PBXBuildFile; fileRef = 0E712AA7245E3B9C003963C7 /* Main.storyboard */; };
		0E712AAC245E3B9C003963C7 /* CollectionViewScrollingVretical.xcdatamodeld in Sources */ = {isa = PBXBuildFile; fileRef = 0E712AAA245E3B9C003963C7 /* CollectionViewScrollingVretical.xcdatamodeld */; };
		0E712AAE245E3B9D003963C7 /* Assets.xcassets in Resources */ = {isa = PBXBuildFile; fileRef = 0E712AAD245E3B9D003963C7 /* Assets.xcassets */; };
		0E712AB1245E3B9D003963C7 /* LaunchScreen.storyboard in Resources */ = {isa = PBXBuildFile; fileRef = 0E712AAF245E3B9D003963C7 /* LaunchScreen.storyboard */; };
		0E712ABC245E3B9D003963C7 /* CollectionViewScrollingVreticalTests.swift in Sources */ = {isa = PBXBuildFile; fileRef = 0E712ABB245E3B9D003963C7 /* CollectionViewScrollingVreticalTests.swift */; };
		0E712AC7245E3B9D003963C7 /* CollectionViewScrollingVreticalUITests.swift in Sources */ = {isa = PBXBuildFile; fileRef = 0E712AC6245E3B9D003963C7 /* CollectionViewScrollingVreticalUITests.swift */; };
		0E712AD5245E41DB003963C7 /* Athkar.swift in Sources */ = {isa = PBXBuildFile; fileRef = 0E712AD4245E41DB003963C7 /* Athkar.swift */; };
/* End PBXBuildFile section */

/* Begin PBXContainerItemProxy section */
		0E712AB8245E3B9D003963C7 /* PBXContainerItemProxy */ = {
			isa = PBXContainerItemProxy;
			containerPortal = 0E712A98245E3B9C003963C7 /* Project object */;
			proxyType = 1;
			remoteGlobalIDString = 0E712A9F245E3B9C003963C7;
			remoteInfo = CollectionViewScrollingVretical;
		};
		0E712AC3245E3B9D003963C7 /* PBXContainerItemProxy */ = {
			isa = PBXContainerItemProxy;
			containerPortal = 0E712A98245E3B9C003963C7 /* Project object */;
			proxyType = 1;
			remoteGlobalIDString = 0E712A9F245E3B9C003963C7;
			remoteInfo = CollectionViewScrollingVretical;
		};
/* End PBXContainerItemProxy section */

/* Begin PBXFileReference section */
		0E712AA0245E3B9C003963C7 /* CollectionViewScrollingVretical.app */ = {isa = PBXFileReference; explicitFileType = wrapper.application; includeInIndex = 0; path = CollectionViewScrollingVretical.app; sourceTree = BUILT_PRODUCTS_DIR; };
		0E712AA3245E3B9C003963C7 /* AppDelegate.swift */ = {isa = PBXFileReference; lastKnownFileType = sourcecode.swift; path = AppDelegate.swift; sourceTree = "<group>"; };
		0E712AA5245E3B9C003963C7 /* ViewController.swift */ = {isa = PBXFileReference; lastKnownFileType = sourcecode.swift; path = ViewController.swift; sourceTree = "<group>"; };
		0E712AA8245E3B9C003963C7 /* Base */ = {isa = PBXFileReference; lastKnownFileType = file.storyboard; name = Base; path = Base.lproj/Main.storyboard; sourceTree = "<group>"; };
		0E712AAB245E3B9C003963C7 /* CollectionViewScrollingVretical.xcdatamodel */ = {isa = PBXFileReference; lastKnownFileType = wrapper.xcdatamodel; path = CollectionViewScrollingVretical.xcdatamodel; sourceTree = "<group>"; };
		0E712AAD245E3B9D003963C7 /* Assets.xcassets */ = {isa = PBXFileReference; lastKnownFileType = folder.assetcatalog; path = Assets.xcassets; sourceTree = "<group>"; };
		0E712AB0245E3B9D003963C7 /* Base */ = {isa = PBXFileReference; lastKnownFileType = file.storyboard; name = Base; path = Base.lproj/LaunchScreen.storyboard; sourceTree = "<group>"; };
		0E712AB2245E3B9D003963C7 /* Info.plist */ = {isa = PBXFileReference; lastKnownFileType = text.plist.xml; path = Info.plist; sourceTree = "<group>"; };
		0E712AB7245E3B9D003963C7 /* CollectionViewScrollingVreticalTests.xctest */ = {isa = PBXFileReference; explicitFileType = wrapper.cfbundle; includeInIndex = 0; path = CollectionViewScrollingVreticalTests.xctest; sourceTree = BUILT_PRODUCTS_DIR; };
		0E712ABB245E3B9D003963C7 /* CollectionViewScrollingVreticalTests.swift */ = {isa = PBXFileReference; lastKnownFileType = sourcecode.swift; path = CollectionViewScrollingVreticalTests.swift; sourceTree = "<group>"; };
		0E712ABD245E3B9D003963C7 /* Info.plist */ = {isa = PBXFileReference; lastKnownFileType = text.plist.xml; path = Info.plist; sourceTree = "<group>"; };
		0E712AC2245E3B9D003963C7 /* CollectionViewScrollingVreticalUITests.xctest */ = {isa = PBXFileReference; explicitFileType = wrapper.cfbundle; includeInIndex = 0; path = CollectionViewScrollingVreticalUITests.xctest; sourceTree = BUILT_PRODUCTS_DIR; };
		0E712AC6245E3B9D003963C7 /* CollectionViewScrollingVreticalUITests.swift */ = {isa = PBXFileReference; lastKnownFileType = sourcecode.swift; path = CollectionViewScrollingVreticalUITests.swift; sourceTree = "<group>"; };
		0E712AC8245E3B9D003963C7 /* Info.plist */ = {isa = PBXFileReference; lastKnownFileType = text.plist.xml; path = Info.plist; sourceTree = "<group>"; };
		0E712AD4245E41DB003963C7 /* Athkar.swift */ = {isa = PBXFileReference; lastKnownFileType = sourcecode.swift; path = Athkar.swift; sourceTree = "<group>"; };
/* End PBXFileReference section */

/* Begin PBXFrameworksBuildPhase section */
		0E712A9D245E3B9C003963C7 /* Frameworks */ = {
			isa = PBXFrameworksBuildPhase;
			buildActionMask = 2147483647;
			files = (
			);
			runOnlyForDeploymentPostprocessing = 0;
		};
		0E712AB4245E3B9D003963C7 /* Frameworks */ = {
			isa = PBXFrameworksBuildPhase;
			buildActionMask = 2147483647;
			files = (
			);
			runOnlyForDeploymentPostprocessing = 0;
		};
		0E712ABF245E3B9D003963C7 /* Frameworks */ = {
			isa = PBXFrameworksBuildPhase;
			buildActionMask = 2147483647;
			files = (
			);
			runOnlyForDeploymentPostprocessing = 0;
		};
/* End PBXFrameworksBuildPhase section */

/* Begin PBXGroup section */
		0E712A97245E3B9B003963C7 = {
			isa = PBXGroup;
			children = (
				0E712AA2245E3B9C003963C7 /* CollectionViewScrollingVretical */,
				0E712ABA245E3B9D003963C7 /* CollectionViewScrollingVreticalTests */,
				0E712AC5245E3B9D003963C7 /* CollectionViewScrollingVreticalUITests */,
				0E712AA1245E3B9C003963C7 /* Products */,
			);
			sourceTree = "<group>";
		};
		0E712AA1245E3B9C003963C7 /* Products */ = {
			isa = PBXGroup;
			children = (
				0E712AA0245E3B9C003963C7 /* CollectionViewScrollingVretical.app */,
				0E712AB7245E3B9D003963C7 /* CollectionViewScrollingVreticalTests.xctest */,
				0E712AC2245E3B9D003963C7 /* CollectionViewScrollingVreticalUITests.xctest */,
			);
			name = Products;
			sourceTree = "<group>";
		};
		0E712AA2245E3B9C003963C7 /* CollectionViewScrollingVretical */ = {
			isa = PBXGroup;
			children = (
				0E712AA3245E3B9C003963C7 /* AppDelegate.swift */,
				0E712AA5245E3B9C003963C7 /* ViewController.swift */,
				0E712AD4245E41DB003963C7 /* Athkar.swift */,
				0E712AA7245E3B9C003963C7 /* Main.storyboard */,
				0E712AAD245E3B9D003963C7 /* Assets.xcassets */,
				0E712AAF245E3B9D003963C7 /* LaunchScreen.storyboard */,
				0E712AB2245E3B9D003963C7 /* Info.plist */,
				0E712AAA245E3B9C003963C7 /* CollectionViewScrollingVretical.xcdatamodeld */,
			);
			path = CollectionViewScrollingVretical;
			sourceTree = "<group>";
		};
		0E712ABA245E3B9D003963C7 /* CollectionViewScrollingVreticalTests */ = {
			isa = PBXGroup;
			children = (
				0E712ABB245E3B9D003963C7 /* CollectionViewScrollingVreticalTests.swift */,
				0E712ABD245E3B9D003963C7 /* Info.plist */,
			);
			path = CollectionViewScrollingVreticalTests;
			sourceTree = "<group>";
		};
		0E712AC5245E3B9D003963C7 /* CollectionViewScrollingVreticalUITests */ = {
			isa = PBXGroup;
			children = (
				0E712AC6245E3B9D003963C7 /* CollectionViewScrollingVreticalUITests.swift */,
				0E712AC8245E3B9D003963C7 /* Info.plist */,
			);
			path = CollectionViewScrollingVreticalUITests;
			sourceTree = "<group>";
		};
/* End PBXGroup section */

/* Begin PBXNativeTarget section */
		0E712A9F245E3B9C003963C7 /* CollectionViewScrollingVretical */ = {
			isa = PBXNativeTarget;
			buildConfigurationList = 0E712ACB245E3B9D003963C7 /* Build configuration list for PBXNativeTarget "CollectionViewScrollingVretical" */;
			buildPhases = (
				0E712A9C245E3B9C003963C7 /* Sources */,
				0E712A9D245E3B9C003963C7 /* Frameworks */,
				0E712A9E245E3B9C003963C7 /* Resources */,
			);
			buildRules = (
			);
			dependencies = (
			);
			name = CollectionViewScrollingVretical;
			productName = CollectionViewScrollingVretical;
			productReference = 0E712AA0245E3B9C003963C7 /* CollectionViewScrollingVretical.app */;
			productType = "com.apple.product-type.application";
		};
		0E712AB6245E3B9D003963C7 /* CollectionViewScrollingVreticalTests */ = {
			isa = PBXNativeTarget;
			buildConfigurationList = 0E712ACE245E3B9D003963C7 /* Build configuration list for PBXNativeTarget "CollectionViewScrollingVreticalTests" */;
			buildPhases = (
				0E712AB3245E3B9D003963C7 /* Sources */,
				0E712AB4245E3B9D003963C7 /* Frameworks */,
				0E712AB5245E3B9D003963C7 /* Resources */,
			);
			buildRules = (
			);
			dependencies = (
				0E712AB9245E3B9D003963C7 /* PBXTargetDependency */,
			);
			name = CollectionViewScrollingVreticalTests;
			productName = CollectionViewScrollingVreticalTests;
			productReference = 0E712AB7245E3B9D003963C7 /* CollectionViewScrollingVreticalTests.xctest */;
			productType = "com.apple.product-type.bundle.unit-test";
		};
		0E712AC1245E3B9D003963C7 /* CollectionViewScrollingVreticalUITests */ = {
			isa = PBXNativeTarget;
			buildConfigurationList = 0E712AD1245E3B9D003963C7 /* Build configuration list for PBXNativeTarget "CollectionViewScrollingVreticalUITests" */;
			buildPhases = (
				0E712ABE245E3B9D003963C7 /* Sources */,
				0E712ABF245E3B9D003963C7 /* Frameworks */,
				0E712AC0245E3B9D003963C7 /* Resources */,
			);
			buildRules = (
			);
			dependencies = (
				0E712AC4245E3B9D003963C7 /* PBXTargetDependency */,
			);
			name = CollectionViewScrollingVreticalUITests;
			productName = CollectionViewScrollingVreticalUITests;
			productReference = 0E712AC2245E3B9D003963C7 /* CollectionViewScrollingVreticalUITests.xctest */;
			productType = "com.apple.product-type.bundle.ui-testing";
		};
/* End PBXNativeTarget section */

/* Begin PBXProject section */
		0E712A98245E3B9C003963C7 /* Project object */ = {
			isa = PBXProject;
			attributes = {
				LastSwiftUpdateCheck = 1030;
				LastUpgradeCheck = 1030;
				ORGANIZATIONNAME = ManaL;
				TargetAttributes = {
					0E712A9F245E3B9C003963C7 = {
						CreatedOnToolsVersion = 10.3;
					};
					0E712AB6245E3B9D003963C7 = {
						CreatedOnToolsVersion = 10.3;
						TestTargetID = 0E712A9F245E3B9C003963C7;
					};
					0E712AC1245E3B9D003963C7 = {
						CreatedOnToolsVersion = 10.3;
						TestTargetID = 0E712A9F245E3B9C003963C7;
					};
				};
			};
			buildConfigurationList = 0E712A9B245E3B9C003963C7 /* Build configuration list for PBXProject "CollectionViewScrollingVretical" */;
			compatibilityVersion = "Xcode 9.3";
			developmentRegion = en;
			hasScannedForEncodings = 0;
			knownRegions = (
				en,
				Base,
			);
			mainGroup = 0E712A97245E3B9B003963C7;
			productRefGroup = 0E712AA1245E3B9C003963C7 /* Products */;
			projectDirPath = "";
			projectRoot = "";
			targets = (
				0E712A9F245E3B9C003963C7 /* CollectionViewScrollingVretical */,
				0E712AB6245E3B9D003963C7 /* CollectionViewScrollingVreticalTests */,
				0E712AC1245E3B9D003963C7 /* CollectionViewScrollingVreticalUITests */,
			);
		};
/* End PBXProject section */

/* Begin PBXResourcesBuildPhase section */
		0E712A9E245E3B9C003963C7 /* Resources */ = {
			isa = PBXResourcesBuildPhase;
			buildActionMask = 2147483647;
			files = (
				0E712AB1245E3B9D003963C7 /* LaunchScreen.storyboard in Resources */,
				0E712AAE245E3B9D003963C7 /* Assets.xcassets in Resources */,
				0E712AA9245E3B9C003963C7 /* Main.storyboard in Resources */,
			);
			runOnlyForDeploymentPostprocessing = 0;
		};
		0E712AB5245E3B9D003963C7 /* Resources */ = {
			isa = PBXResourcesBuildPhase;
			buildActionMask = 2147483647;
			files = (
			);
			runOnlyForDeploymentPostprocessing = 0;
		};
		0E712AC0245E3B9D003963C7 /* Resources */ = {
			isa = PBXResourcesBuildPhase;
			buildActionMask = 2147483647;
			files = (
			);
			runOnlyForDeploymentPostprocessing = 0;
		};
/* End PBXResourcesBuildPhase section */

/* Begin PBXSourcesBuildPhase section */
		0E712A9C245E3B9C003963C7 /* Sources */ = {
			isa = PBXSourcesBuildPhase;
			buildActionMask = 2147483647;
			files = (
				0E712AAC245E3B9C003963C7 /* CollectionViewScrollingVretical.xcdatamodeld in Sources */,
				0E712AA6245E3B9C003963C7 /* ViewController.swift in Sources */,
				0E712AD5245E41DB003963C7 /* Athkar.swift in Sources */,
				0E712AA4245E3B9C003963C7 /* AppDelegate.swift in Sources */,
			);
			runOnlyForDeploymentPostprocessing = 0;
		};
		0E712AB3245E3B9D003963C7 /* Sources */ = {
			isa = PBXSourcesBuildPhase;
			buildActionMask = 2147483647;
			files = (
				0E712ABC245E3B9D003963C7 /* CollectionViewScrollingVreticalTests.swift in Sources */,
			);
			runOnlyForDeploymentPostprocessing = 0;
		};
		0E712ABE245E3B9D003963C7 /* Sources */ = {
			isa = PBXSourcesBuildPhase;
			buildActionMask = 2147483647;
			files = (
				0E712AC7245E3B9D003963C7 /* CollectionViewScrollingVreticalUITests.swift in Sources */,
			);
			runOnlyForDeploymentPostprocessing = 0;
		};
/* End PBXSourcesBuildPhase section */

/* Begin PBXTargetDependency section */
		0E712AB9245E3B9D003963C7 /* PBXTargetDependency */ = {
			isa = PBXTargetDependency;
			target = 0E712A9F245E3B9C003963C7 /* CollectionViewScrollingVretical */;
			targetProxy = 0E712AB8245E3B9D003963C7 /* PBXContainerItemProxy */;
		};
		0E712AC4245E3B9D003963C7 /* PBXTargetDependency */ = {
			isa = PBXTargetDependency;
			target = 0E712A9F245E3B9C003963C7 /* CollectionViewScrollingVretical */;
			targetProxy = 0E712AC3245E3B9D003963C7 /* PBXContainerItemProxy */;
		};
/* End PBXTargetDependency section */

/* Begin PBXVariantGroup section */
		0E712AA7245E3B9C003963C7 /* Main.storyboard */ = {
			isa = PBXVariantGroup;
			children = (
				0E712AA8245E3B9C003963C7 /* Base */,
			);
			name = Main.storyboard;
			sourceTree = "<group>";
		};
		0E712AAF245E3B9D003963C7 /* LaunchScreen.storyboard */ = {
			isa = PBXVariantGroup;
			children = (
				0E712AB0245E3B9D003963C7 /* Base */,
			);
			name = LaunchScreen.storyboard;
			sourceTree = "<group>";
		};
/* End PBXVariantGroup section */

/* Begin XCBuildConfiguration section */
		0E712AC9245E3B9D003963C7 /* Debug */ = {
			isa = XCBuildConfiguration;
			buildSettings = {
				ALWAYS_SEARCH_USER_PATHS = NO;
				CLANG_ANALYZER_NONNULL = YES;
				CLANG_ANALYZER_NUMBER_OBJECT_CONVERSION = YES_AGGRESSIVE;
				CLANG_CXX_LANGUAGE_STANDARD = "gnu++14";
				CLANG_CXX_LIBRARY = "libc++";
				CLANG_ENABLE_MODULES = YES;
				CLANG_ENABLE_OBJC_ARC = YES;
				CLANG_ENABLE_OBJC_WEAK = YES;
				CLANG_WARN_BLOCK_CAPTURE_AUTORELEASING = YES;
				CLANG_WARN_BOOL_CONVERSION = YES;
				CLANG_WARN_COMMA = YES;
				CLANG_WARN_CONSTANT_CONVERSION = YES;
				CLANG_WARN_DEPRECATED_OBJC_IMPLEMENTATIONS = YES;
				CLANG_WARN_DIRECT_OBJC_ISA_USAGE = YES_ERROR;
				CLANG_WARN_DOCUMENTATION_COMMENTS = YES;
				CLANG_WARN_EMPTY_BODY = YES;
				CLANG_WARN_ENUM_CONVERSION = YES;
				CLANG_WARN_INFINITE_RECURSION = YES;
				CLANG_WARN_INT_CONVERSION = YES;
				CLANG_WARN_NON_LITERAL_NULL_CONVERSION = YES;
				CLANG_WARN_OBJC_IMPLICIT_RETAIN_SELF = YES;
				CLANG_WARN_OBJC_LITERAL_CONVERSION = YES;
				CLANG_WARN_OBJC_ROOT_CLASS = YES_ERROR;
				CLANG_WARN_RANGE_LOOP_ANALYSIS = YES;
				CLANG_WARN_STRICT_PROTOTYPES = YES;
				CLANG_WARN_SUSPICIOUS_MOVE = YES;
				CLANG_WARN_UNGUARDED_AVAILABILITY = YES_AGGRESSIVE;
				CLANG_WARN_UNREACHABLE_CODE = YES;
				CLANG_WARN__DUPLICATE_METHOD_MATCH = YES;
				CODE_SIGN_IDENTITY = "iPhone Developer";
				COPY_PHASE_STRIP = NO;
				DEBUG_INFORMATION_FORMAT = dwarf;
				ENABLE_STRICT_OBJC_MSGSEND = YES;
				ENABLE_TESTABILITY = YES;
				GCC_C_LANGUAGE_STANDARD = gnu11;
				GCC_DYNAMIC_NO_PIC = NO;
				GCC_NO_COMMON_BLOCKS = YES;
				GCC_OPTIMIZATION_LEVEL = 0;
				GCC_PREPROCESSOR_DEFINITIONS = (
					"DEBUG=1",
					"$(inherited)",
				);
				GCC_WARN_64_TO_32_BIT_CONVERSION = YES;
				GCC_WARN_ABOUT_RETURN_TYPE = YES_ERROR;
				GCC_WARN_UNDECLARED_SELECTOR = YES;
				GCC_WARN_UNINITIALIZED_AUTOS = YES_AGGRESSIVE;
				GCC_WARN_UNUSED_FUNCTION = YES;
				GCC_WARN_UNUSED_VARIABLE = YES;
				IPHONEOS_DEPLOYMENT_TARGET = 12.4;
				MTL_ENABLE_DEBUG_INFO = INCLUDE_SOURCE;
				MTL_FAST_MATH = YES;
				ONLY_ACTIVE_ARCH = YES;
				SDKROOT = iphoneos;
				SWIFT_ACTIVE_COMPILATION_CONDITIONS = DEBUG;
				SWIFT_OPTIMIZATION_LEVEL = "-Onone";
			};
			name = Debug;
		};
		0E712ACA245E3B9D003963C7 /* Release */ = {
			isa = XCBuildConfiguration;
			buildSettings = {
				ALWAYS_SEARCH_USER_PATHS = NO;
				CLANG_ANALYZER_NONNULL = YES;
				CLANG_ANALYZER_NUMBER_OBJECT_CONVERSION = YES_AGGRESSIVE;
				CLANG_CXX_LANGUAGE_STANDARD = "gnu++14";
				CLANG_CXX_LIBRARY = "libc++";
				CLANG_ENABLE_MODULES = YES;
				CLANG_ENABLE_OBJC_ARC = YES;
				CLANG_ENABLE_OBJC_WEAK = YES;
				CLANG_WARN_BLOCK_CAPTURE_AUTORELEASING = YES;
				CLANG_WARN_BOOL_CONVERSION = YES;
				CLANG_WARN_COMMA = YES;
				CLANG_WARN_CONSTANT_CONVERSION = YES;
				CLANG_WARN_DEPRECATED_OBJC_IMPLEMENTATIONS = YES;
				CLANG_WARN_DIRECT_OBJC_ISA_USAGE = YES_ERROR;
				CLANG_WARN_DOCUMENTATION_COMMENTS = YES;
				CLANG_WARN_EMPTY_BODY = YES;
				CLANG_WARN_ENUM_CONVERSION = YES;
				CLANG_WARN_INFINITE_RECURSION = YES;
				CLANG_WARN_INT_CONVERSION = YES;
				CLANG_WARN_NON_LITERAL_NULL_CONVERSION = YES;
				CLANG_WARN_OBJC_IMPLICIT_RETAIN_SELF = YES;
				CLANG_WARN_OBJC_LITERAL_CONVERSION = YES;
				CLANG_WARN_OBJC_ROOT_CLASS = YES_ERROR;
				CLANG_WARN_RANGE_LOOP_ANALYSIS = YES;
				CLANG_WARN_STRICT_PROTOTYPES = YES;
				CLANG_WARN_SUSPICIOUS_MOVE = YES;
				CLANG_WARN_UNGUARDED_AVAILABILITY = YES_AGGRESSIVE;
				CLANG_WARN_UNREACHABLE_CODE = YES;
				CLANG_WARN__DUPLICATE_METHOD_MATCH = YES;
				CODE_SIGN_IDENTITY = "iPhone Developer";
				COPY_PHASE_STRIP = NO;
				DEBUG_INFORMATION_FORMAT = "dwarf-with-dsym";
				ENABLE_NS_ASSERTIONS = NO;
				ENABLE_STRICT_OBJC_MSGSEND = YES;
				GCC_C_LANGUAGE_STANDARD = gnu11;
				GCC_NO_COMMON_BLOCKS = YES;
				GCC_WARN_64_TO_32_BIT_CONVERSION = YES;
				GCC_WARN_ABOUT_RETURN_TYPE = YES_ERROR;
				GCC_WARN_UNDECLARED_SELECTOR = YES;
				GCC_WARN_UNINITIALIZED_AUTOS = YES_AGGRESSIVE;
				GCC_WARN_UNUSED_FUNCTION = YES;
				GCC_WARN_UNUSED_VARIABLE = YES;
				IPHONEOS_DEPLOYMENT_TARGET = 12.4;
				MTL_ENABLE_DEBUG_INFO = NO;
				MTL_FAST_MATH = YES;
				SDKROOT = iphoneos;
				SWIFT_COMPILATION_MODE = wholemodule;
				SWIFT_OPTIMIZATION_LEVEL = "-O";
				VALIDATE_PRODUCT = YES;
			};
			name = Release;
		};
		0E712ACC245E3B9D003963C7 /* Debug */ = {
			isa = XCBuildConfiguration;
			buildSettings = {
				ASSETCATALOG_COMPILER_APPICON_NAME = AppIcon;
				CODE_SIGN_STYLE = Automatic;
				DEVELOPMENT_TEAM = MNT636F7B5;
				INFOPLIST_FILE = CollectionViewScrollingVretical/Info.plist;
				LD_RUNPATH_SEARCH_PATHS = (
					"$(inherited)",
					"@executable_path/Frameworks",
				);
				PRODUCT_BUNDLE_IDENTIFIER = manal.CollectionViewScrollingVretical;
				PRODUCT_NAME = "$(TARGET_NAME)";
				SWIFT_VERSION = 5.0;
				TARGETED_DEVICE_FAMILY = "1,2";
			};
			name = Debug;
		};
		0E712ACD245E3B9D003963C7 /* Release */ = {
			isa = XCBuildConfiguration;
			buildSettings = {
				ASSETCATALOG_COMPILER_APPICON_NAME = AppIcon;
				CODE_SIGN_STYLE = Automatic;
				DEVELOPMENT_TEAM = MNT636F7B5;
				INFOPLIST_FILE = CollectionViewScrollingVretical/Info.plist;
				LD_RUNPATH_SEARCH_PATHS = (
					"$(inherited)",
					"@executable_path/Frameworks",
				);
				PRODUCT_BUNDLE_IDENTIFIER = manal.CollectionViewScrollingVretical;
				PRODUCT_NAME = "$(TARGET_NAME)";
				SWIFT_VERSION = 5.0;
				TARGETED_DEVICE_FAMILY = "1,2";
			};
			name = Release;
		};
		0E712ACF245E3B9D003963C7 /* Debug */ = {
			isa = XCBuildConfiguration;
			buildSettings = {
				ALWAYS_EMBED_SWIFT_STANDARD_LIBRARIES = YES;
				BUNDLE_LOADER = "$(TEST_HOST)";
				CODE_SIGN_STYLE = Automatic;
				DEVELOPMENT_TEAM = MNT636F7B5;
				INFOPLIST_FILE = CollectionViewScrollingVreticalTests/Info.plist;
				LD_RUNPATH_SEARCH_PATHS = (
					"$(inherited)",
					"@executable_path/Frameworks",
					"@loader_path/Frameworks",
				);
				PRODUCT_BUNDLE_IDENTIFIER = manal.CollectionViewScrollingVreticalTests;
				PRODUCT_NAME = "$(TARGET_NAME)";
				SWIFT_VERSION = 5.0;
				TARGETED_DEVICE_FAMILY = "1,2";
				TEST_HOST = "$(BUILT_PRODUCTS_DIR)/CollectionViewScrollingVretical.app/CollectionViewScrollingVretical";
			};
			name = Debug;
		};
		0E712AD0245E3B9D003963C7 /* Release */ = {
			isa = XCBuildConfiguration;
			buildSettings = {
				ALWAYS_EMBED_SWIFT_STANDARD_LIBRARIES = YES;
				BUNDLE_LOADER = "$(TEST_HOST)";
				CODE_SIGN_STYLE = Automatic;
				DEVELOPMENT_TEAM = MNT636F7B5;
				INFOPLIST_FILE = CollectionViewScrollingVreticalTests/Info.plist;
				LD_RUNPATH_SEARCH_PATHS = (
					"$(inherited)",
					"@executable_path/Frameworks",
					"@loader_path/Frameworks",
				);
				PRODUCT_BUNDLE_IDENTIFIER = manal.CollectionViewScrollingVreticalTests;
				PRODUCT_NAME = "$(TARGET_NAME)";
				SWIFT_VERSION = 5.0;
				TARGETED_DEVICE_FAMILY = "1,2";
				TEST_HOST = "$(BUILT_PRODUCTS_DIR)/CollectionViewScrollingVretical.app/CollectionViewScrollingVretical";
			};
			name = Release;
		};
		0E712AD2245E3B9D003963C7 /* Debug */ = {
			isa = XCBuildConfiguration;
			buildSettings = {
				ALWAYS_EMBED_SWIFT_STANDARD_LIBRARIES = YES;
				CODE_SIGN_STYLE = Automatic;
				DEVELOPMENT_TEAM = MNT636F7B5;
				INFOPLIST_FILE = CollectionViewScrollingVreticalUITests/Info.plist;
				LD_RUNPATH_SEARCH_PATHS = (
					"$(inherited)",
					"@executable_path/Frameworks",
					"@loader_path/Frameworks",
				);
				PRODUCT_BUNDLE_IDENTIFIER = manal.CollectionViewScrollingVreticalUITests;
				PRODUCT_NAME = "$(TARGET_NAME)";
				SWIFT_VERSION = 5.0;
				TARGETED_DEVICE_FAMILY = "1,2";
				TEST_TARGET_NAME = CollectionViewScrollingVretical;
			};
			name = Debug;
		};
		0E712AD3245E3B9D003963C7 /* Release */ = {
			isa = XCBuildConfiguration;
			buildSettings = {
				ALWAYS_EMBED_SWIFT_STANDARD_LIBRARIES = YES;
				CODE_SIGN_STYLE = Automatic;
				DEVELOPMENT_TEAM = MNT636F7B5;
				INFOPLIST_FILE = CollectionViewScrollingVreticalUITests/Info.plist;
				LD_RUNPATH_SEARCH_PATHS = (
					"$(inherited)",
					"@executable_path/Frameworks",
					"@loader_path/Frameworks",
				);
				PRODUCT_BUNDLE_IDENTIFIER = manal.CollectionViewScrollingVreticalUITests;
				PRODUCT_NAME = "$(TARGET_NAME)";
				SWIFT_VERSION = 5.0;
				TARGETED_DEVICE_FAMILY = "1,2";
				TEST_TARGET_NAME = CollectionViewScrollingVretical;
			};
			name = Release;
		};
/* End XCBuildConfiguration section */

/* Begin XCConfigurationList section */
		0E712A9B245E3B9C003963C7 /* Build configuration list for PBXProject "CollectionViewScrollingVretical" */ = {
			isa = XCConfigurationList;
			buildConfigurations = (
				0E712AC9245E3B9D003963C7 /* Debug */,
				0E712ACA245E3B9D003963C7 /* Release */,
			);
			defaultConfigurationIsVisible = 0;
			defaultConfigurationName = Release;
		};
		0E712ACB245E3B9D003963C7 /* Build configuration list for PBXNativeTarget "CollectionViewScrollingVretical" */ = {
			isa = XCConfigurationList;
			buildConfigurations = (
				0E712ACC245E3B9D003963C7 /* Debug */,
				0E712ACD245E3B9D003963C7 /* Release */,
			);
			defaultConfigurationIsVisible = 0;
			defaultConfigurationName = Release;
		};
		0E712ACE245E3B9D003963C7 /* Build configuration list for PBXNativeTarget "CollectionViewScrollingVreticalTests" */ = {
			isa = XCConfigurationList;
			buildConfigurations = (
				0E712ACF245E3B9D003963C7 /* Debug */,
				0E712AD0245E3B9D003963C7 /* Release */,
			);
			defaultConfigurationIsVisible = 0;
			defaultConfigurationName = Release;
		};
		0E712AD1245E3B9D003963C7 /* Build configuration list for PBXNativeTarget "CollectionViewScrollingVreticalUITests" */ = {
			isa = XCConfigurationList;
			buildConfigurations = (
				0E712AD2245E3B9D003963C7 /* Debug */,
				0E712AD3245E3B9D003963C7 /* Release */,
			);
			defaultConfigurationIsVisible = 0;
			defaultConfigurationName = Release;
		};
/* End XCConfigurationList section */

/* Begin XCVersionGroup section */
		0E712AAA245E3B9C003963C7 /* CollectionViewScrollingVretical.xcdatamodeld */ = {
			isa = XCVersionGroup;
			children = (
				0E712AAB245E3B9C003963C7 /* CollectionViewScrollingVretical.xcdatamodel */,
			);
			currentVersion = 0E712AAB245E3B9C003963C7 /* CollectionViewScrollingVretical.xcdatamodel */;
			path = CollectionViewScrollingVretical.xcdatamodeld;
			sourceTree = "<group>";
			versionGroupType = wrapper.xcdatamodel;
		};
/* End XCVersionGroup section */
	};
	rootObject = 0E712A98245E3B9C003963C7 /* Project object */;
}
